# THIS IS AN AUTOGENERATED FILE. DO NOT EDIT THIS FILE DIRECTLY.
# yarn lockfile v1


"@babel/polyfill@^7.0.0-beta.52":
  version "7.0.0"
  resolved "https://registry.yarnpkg.com/@babel/polyfill/-/polyfill-7.0.0.tgz#c8ff65c9ec3be6a1ba10113ebd40e8750fb90bff"
  dependencies:
    core-js "^2.5.7"
    regenerator-runtime "^0.11.1"

"@masaeedu/adt@^1.0.3":
  version "1.0.3"
  resolved "https://registry.yarnpkg.com/@masaeedu/adt/-/adt-1.0.3.tgz#4551f0ea90f72bb0f98b56c8bf647e62cb10cde4"

"@masaeedu/fp@^8.0.0":
  version "8.0.0"
  resolved "https://registry.yarnpkg.com/@masaeedu/fp/-/fp-8.0.0.tgz#4bca2ea45e4d283bbdd2687cb8c0ed688cb6a7a6"
  dependencies:
    "@babel/polyfill" "^7.0.0-beta.52"
    natch "^1.1.1"

core-js@^2.5.7:
  version "2.5.7"
  resolved "https://registry.yarnpkg.com/core-js/-/core-js-2.5.7.tgz#f972608ff0cead68b841a16a932d0b183791814e"

natch@^1.1.1:
  version "1.1.1"
  resolved "https://registry.yarnpkg.com/natch/-/natch-1.1.1.tgz#ef20fd67fe2e3c4ff3c4e6634dacb43c0637ec33"

regenerator-runtime@^0.11.1:
  version "0.11.1"
  resolved "https://registry.yarnpkg.com/regenerator-runtime/-/regenerator-runtime-0.11.1.tgz#be05ad7f9bf7d22e056f9726cee5017fbf19e2e9"
